
Microsoft Visual Studio Solution File, Format Version 12.00
# Visual Studio 15
VisualStudioVersion = 15.0.28307.271
MinimumVisualStudioVersion = 10.0.40219.1
Project("{FAE04EC0-301F-11D3-BF4B-00C04F79EFBC}") = "ReflectionApp", "ReflectionApp\ReflectionApp.csproj", "{D6CB566B-AF9C-4A4E-9063-48683D3C04B7}"
EndProject
Project("{FAE04EC0-301F-11D3-BF4B-00C04F79EFBC}") = "ReflectionTests", "ReflectionTests\ReflectionTests.csproj", "{77239A36-4F62-48B6-83E2-BC4A038DE401}"
EndProject
Global
	GlobalSection(SolutionConfigurationPlatforms) = preSolution
		Debug|Any CPU = Debug|Any CPU
		Release|Any CPU = Release|Any CPU
	EndGlobalSection
	GlobalSection(ProjectConfigurationPlatforms) = postSolution
		{D6CB566B-AF9C-4A4E-9063-48683D3C04B7}.Debug|Any CPU.ActiveCfg = Debug|Any CPU
		{D6CB566B-AF9C-4A4E-9063-48683D3C04B7}.Debug|Any CPU.Build.0 = Debug|Any CPU
		{D6CB566B-AF9C-4A4E-9063-48683D3C04B7}.Release|Any CPU.ActiveCfg = Release|Any CPU
		{D6CB566B-AF9C-4A4E-9063-48683D3C04B7}.Release|Any CPU.Build.0 = Release|Any CPU
		{77239A36-4F62-48B6-83E2-BC4A038DE401}.Debug|Any CPU.ActiveCfg = Debug|Any CPU
		{77239A36-4F62-48B6-83E2-BC4A038DE401}.Debug|Any CPU.Build.0 = Debug|Any CPU
		{77239A36-4F62-48B6-83E2-BC4A038DE401}.Release|Any CPU.ActiveCfg = Release|Any CPU
		{77239A36-4F62-48B6-83E2-BC4A038DE401}.Release|Any CPU.Build.0 = Release|Any CPU
	EndGlobalSection
	GlobalSection(SolutionProperties) = preSolution
		HideSolutionNode = FALSE
	EndGlobalSection
	GlobalSection(ExtensibilityGlobals) = postSolution
		SolutionGuid = {CEB1D190-B3F2-4696-9ADE-2FE7D69E0644}
	EndGlobalSection
EndGlobal
